// !$*UTF8*$!
{
	archiveVersion = 1;
	classes = {
	};
	objectVersion = 46;
	objects = {

/* Begin PBXBuildFile section */
		E42803891BF1459B00174F37 /* AppDelegate.swift in Sources */ = {isa = PBXBuildFile; fileRef = E42803881BF1459B00174F37 /* AppDelegate.swift */; };
		E428038E1BF1459B00174F37 /* Main.storyboard in Resources */ = {isa = PBXBuildFile; fileRef = E428038C1BF1459B00174F37 /* Main.storyboard */; };
		E42803901BF1459B00174F37 /* Assets.xcassets in Resources */ = {isa = PBXBuildFile; fileRef = E428038F1BF1459B00174F37 /* Assets.xcassets */; };
		E42803931BF1459B00174F37 /* LaunchScreen.storyboard in Resources */ = {isa = PBXBuildFile; fileRef = E42803911BF1459B00174F37 /* LaunchScreen.storyboard */; };
		E428039C1BF1466A00174F37 /* OAuthClient.swift in Sources */ = {isa = PBXBuildFile; fileRef = E428039B1BF1466A00174F37 /* OAuthClient.swift */; };
		E428039E1BF1531B00174F37 /* MainViewController.swift in Sources */ = {isa = PBXBuildFile; fileRef = E428039D1BF1531B00174F37 /* MainViewController.swift */; };
		E42803A01BF160E700174F37 /* GithubService.swift in Sources */ = {isa = PBXBuildFile; fileRef = E428039F1BF160E700174F37 /* GithubService.swift */; };
		E46FF9951BF29F0100E3097D /* PostTableViewController.swift in Sources */ = {isa = PBXBuildFile; fileRef = E46FF9941BF29F0100E3097D /* PostTableViewController.swift */; };
		E46FF9971BF2A04E00E3097D /* Repository.swift in Sources */ = {isa = PBXBuildFile; fileRef = E46FF9961BF2A04E00E3097D /* Repository.swift */; };
		E46FF9991BF2A05600E3097D /* User.swift in Sources */ = {isa = PBXBuildFile; fileRef = E46FF9981BF2A05600E3097D /* User.swift */; };
		E46FF99B1BF2A06300E3097D /* Owner.swift in Sources */ = {isa = PBXBuildFile; fileRef = E46FF99A1BF2A06300E3097D /* Owner.swift */; };
		E46FF9A11BF2A0FC00E3097D /* GithubJSONParser.swift in Sources */ = {isa = PBXBuildFile; fileRef = E46FF9A01BF2A0FC00E3097D /* GithubJSONParser.swift */; };
		E46FF9A31BF2B5B300E3097D /* KeychainService.swift in Sources */ = {isa = PBXBuildFile; fileRef = E46FF9A21BF2B5B300E3097D /* KeychainService.swift */; };
		E47A6FCC1BF3E54700136715 /* HomeTableViewController.swift in Sources */ = {isa = PBXBuildFile; fileRef = E47A6FCB1BF3E54700136715 /* HomeTableViewController.swift */; };
		E47A6FCE1BF3EDE700136715 /* ProfileViewController.swift in Sources */ = {isa = PBXBuildFile; fileRef = E47A6FCD1BF3EDE700136715 /* ProfileViewController.swift */; };
		E47A6FD01BF3FE8100136715 /* ButtonExtension.swift in Sources */ = {isa = PBXBuildFile; fileRef = E47A6FCF1BF3FE8100136715 /* ButtonExtension.swift */; };
		E4B8E9761BF5508100CC2C85 /* UserViewController.swift in Sources */ = {isa = PBXBuildFile; fileRef = E4B8E9751BF5508100CC2C85 /* UserViewController.swift */; };
		E4B8E9781BF552A800CC2C85 /* UsersFlowLayout.swift in Sources */ = {isa = PBXBuildFile; fileRef = E4B8E9771BF552A800CC2C85 /* UsersFlowLayout.swift */; };
		E4B8E97A1BF5542D00CC2C85 /* UserCollectionViewCell.swift in Sources */ = {isa = PBXBuildFile; fileRef = E4B8E9791BF5542D00CC2C85 /* UserCollectionViewCell.swift */; };
		E4B8E97C1BF5580900CC2C85 /* UserDetailViewController.swift in Sources */ = {isa = PBXBuildFile; fileRef = E4B8E97B1BF5580900CC2C85 /* UserDetailViewController.swift */; };
		E4B8E97E1BF55DF600CC2C85 /* StringExtension.swift in Sources */ = {isa = PBXBuildFile; fileRef = E4B8E97D1BF55DF600CC2C85 /* StringExtension.swift */; };
		E4D9B85A1BF3D0D300C43229 /* snowflake1.png in Resources */ = {isa = PBXBuildFile; fileRef = E4D9B8571BF3D0D300C43229 /* snowflake1.png */; };
		E4D9B85B1BF3D0D300C43229 /* snowflake2.png in Resources */ = {isa = PBXBuildFile; fileRef = E4D9B8581BF3D0D300C43229 /* snowflake2.png */; };
		E4D9B85C1BF3D0D300C43229 /* snowflake3.png in Resources */ = {isa = PBXBuildFile; fileRef = E4D9B8591BF3D0D300C43229 /* snowflake3.png */; };
		E4ED7C751BF297F30062CA1C /* LoginViewController.swift in Sources */ = {isa = PBXBuildFile; fileRef = E4ED7C741BF297F30062CA1C /* LoginViewController.swift */; };
/* End PBXBuildFile section */

/* Begin PBXFileReference section */
		E42803851BF1459B00174F37 /* GithubClient.app */ = {isa = PBXFileReference; explicitFileType = wrapper.application; includeInIndex = 0; path = GithubClient.app; sourceTree = BUILT_PRODUCTS_DIR; };
		E42803881BF1459B00174F37 /* AppDelegate.swift */ = {isa = PBXFileReference; lastKnownFileType = sourcecode.swift; path = AppDelegate.swift; sourceTree = "<group>"; };
		E428038D1BF1459B00174F37 /* Base */ = {isa = PBXFileReference; lastKnownFileType = file.storyboard; name = Base; path = Base.lproj/Main.storyboard; sourceTree = "<group>"; };
		E428038F1BF1459B00174F37 /* Assets.xcassets */ = {isa = PBXFileReference; lastKnownFileType = folder.assetcatalog; path = Assets.xcassets; sourceTree = "<group>"; };
		E42803921BF1459B00174F37 /* Base */ = {isa = PBXFileReference; lastKnownFileType = file.storyboard; name = Base; path = Base.lproj/LaunchScreen.storyboard; sourceTree = "<group>"; };
		E42803941BF1459B00174F37 /* Info.plist */ = {isa = PBXFileReference; lastKnownFileType = text.plist.xml; path = Info.plist; sourceTree = "<group>"; };
		E428039B1BF1466A00174F37 /* OAuthClient.swift */ = {isa = PBXFileReference; fileEncoding = 4; lastKnownFileType = sourcecode.swift; path = OAuthClient.swift; sourceTree = "<group>"; };
		E428039D1BF1531B00174F37 /* MainViewController.swift */ = {isa = PBXFileReference; fileEncoding = 4; lastKnownFileType = sourcecode.swift; path = MainViewController.swift; sourceTree = "<group>"; };
		E428039F1BF160E700174F37 /* GithubService.swift */ = {isa = PBXFileReference; fileEncoding = 4; lastKnownFileType = sourcecode.swift; path = GithubService.swift; sourceTree = "<group>"; };
		E46FF9941BF29F0100E3097D /* PostTableViewController.swift */ = {isa = PBXFileReference; fileEncoding = 4; lastKnownFileType = sourcecode.swift; path = PostTableViewController.swift; sourceTree = "<group>"; };
		E46FF9961BF2A04E00E3097D /* Repository.swift */ = {isa = PBXFileReference; fileEncoding = 4; lastKnownFileType = sourcecode.swift; path = Repository.swift; sourceTree = "<group>"; };
		E46FF9981BF2A05600E3097D /* User.swift */ = {isa = PBXFileReference; fileEncoding = 4; lastKnownFileType = sourcecode.swift; path = User.swift; sourceTree = "<group>"; };
		E46FF99A1BF2A06300E3097D /* Owner.swift */ = {isa = PBXFileReference; fileEncoding = 4; lastKnownFileType = sourcecode.swift; path = Owner.swift; sourceTree = "<group>"; };
		E46FF9A01BF2A0FC00E3097D /* GithubJSONParser.swift */ = {isa = PBXFileReference; fileEncoding = 4; lastKnownFileType = sourcecode.swift; path = GithubJSONParser.swift; sourceTree = "<group>"; };
		E46FF9A21BF2B5B300E3097D /* KeychainService.swift */ = {isa = PBXFileReference; fileEncoding = 4; lastKnownFileType = sourcecode.swift; path = KeychainService.swift; sourceTree = "<group>"; };
		E47A6FCB1BF3E54700136715 /* HomeTableViewController.swift */ = {isa = PBXFileReference; fileEncoding = 4; lastKnownFileType = sourcecode.swift; path = HomeTableViewController.swift; sourceTree = "<group>"; };
		E47A6FCD1BF3EDE700136715 /* ProfileViewController.swift */ = {isa = PBXFileReference; fileEncoding = 4; lastKnownFileType = sourcecode.swift; path = ProfileViewController.swift; sourceTree = "<group>"; };
		E47A6FCF1BF3FE8100136715 /* ButtonExtension.swift */ = {isa = PBXFileReference; fileEncoding = 4; lastKnownFileType = sourcecode.swift; path = ButtonExtension.swift; sourceTree = "<group>"; };
		E4B8E9751BF5508100CC2C85 /* UserViewController.swift */ = {isa = PBXFileReference; fileEncoding = 4; lastKnownFileType = sourcecode.swift; path = UserViewController.swift; sourceTree = "<group>"; };
		E4B8E9771BF552A800CC2C85 /* UsersFlowLayout.swift */ = {isa = PBXFileReference; fileEncoding = 4; lastKnownFileType = sourcecode.swift; path = UsersFlowLayout.swift; sourceTree = "<group>"; };
		E4B8E9791BF5542D00CC2C85 /* UserCollectionViewCell.swift */ = {isa = PBXFileReference; fileEncoding = 4; lastKnownFileType = sourcecode.swift; path = UserCollectionViewCell.swift; sourceTree = "<group>"; };
		E4B8E97B1BF5580900CC2C85 /* UserDetailViewController.swift */ = {isa = PBXFileReference; fileEncoding = 4; lastKnownFileType = sourcecode.swift; path = UserDetailViewController.swift; sourceTree = "<group>"; };
		E4B8E97D1BF55DF600CC2C85 /* StringExtension.swift */ = {isa = PBXFileReference; fileEncoding = 4; lastKnownFileType = sourcecode.swift; path = StringExtension.swift; sourceTree = "<group>"; };
		E4D9B8571BF3D0D300C43229 /* snowflake1.png */ = {isa = PBXFileReference; lastKnownFileType = image.png; path = snowflake1.png; sourceTree = "<group>"; };
		E4D9B8581BF3D0D300C43229 /* snowflake2.png */ = {isa = PBXFileReference; lastKnownFileType = image.png; path = snowflake2.png; sourceTree = "<group>"; };
		E4D9B8591BF3D0D300C43229 /* snowflake3.png */ = {isa = PBXFileReference; lastKnownFileType = image.png; path = snowflake3.png; sourceTree = "<group>"; };
		E4ED7C741BF297F30062CA1C /* LoginViewController.swift */ = {isa = PBXFileReference; fileEncoding = 4; lastKnownFileType = sourcecode.swift; path = LoginViewController.swift; sourceTree = "<group>"; };
/* End PBXFileReference section */

/* Begin PBXFrameworksBuildPhase section */
		E42803821BF1459B00174F37 /* Frameworks */ = {
			isa = PBXFrameworksBuildPhase;
			buildActionMask = 2147483647;
			files = (
			);
			runOnlyForDeploymentPostprocessing = 0;
		};
/* End PBXFrameworksBuildPhase section */

/* Begin PBXGroup section */
		E428037C1BF1459B00174F37 = {
			isa = PBXGroup;
			children = (
				E42803871BF1459B00174F37 /* GithubClient */,
				E42803861BF1459B00174F37 /* Products */,
			);
			sourceTree = "<group>";
		};
		E42803861BF1459B00174F37 /* Products */ = {
			isa = PBXGroup;
			children = (
				E42803851BF1459B00174F37 /* GithubClient.app */,
			);
			name = Products;
			sourceTree = "<group>";
		};
		E42803871BF1459B00174F37 /* GithubClient */ = {
			isa = PBXGroup;
			children = (
				E428039A1BF145AD00174F37 /* Supporting Files */,
				E46FF99C1BF2A07F00E3097D /* Model */,
				E46FF99E1BF2A08700E3097D /* Controller */,
				E46FF99D1BF2A08300E3097D /* View */,
			);
			path = GithubClient;
			sourceTree = "<group>";
		};
		E428039A1BF145AD00174F37 /* Supporting Files */ = {
			isa = PBXGroup;
			children = (
				E428038F1BF1459B00174F37 /* Assets.xcassets */,
				E42803911BF1459B00174F37 /* LaunchScreen.storyboard */,
				E42803941BF1459B00174F37 /* Info.plist */,
				E4D9B8571BF3D0D300C43229 /* snowflake1.png */,
				E4D9B8581BF3D0D300C43229 /* snowflake2.png */,
				E4D9B8591BF3D0D300C43229 /* snowflake3.png */,
			);
			name = "Supporting Files";
			sourceTree = "<group>";
		};
		E46FF99C1BF2A07F00E3097D /* Model */ = {
			isa = PBXGroup;
			children = (
				E4B8E97D1BF55DF600CC2C85 /* StringExtension.swift */,
				E46FF9981BF2A05600E3097D /* User.swift */,
				E46FF99A1BF2A06300E3097D /* Owner.swift */,
				E46FF9961BF2A04E00E3097D /* Repository.swift */,
				E46FF9A01BF2A0FC00E3097D /* GithubJSONParser.swift */,
				E428039F1BF160E700174F37 /* GithubService.swift */,
				E46FF9A21BF2B5B300E3097D /* KeychainService.swift */,
				E428039B1BF1466A00174F37 /* OAuthClient.swift */,
			);
			name = Model;
			sourceTree = "<group>";
		};
		E46FF99D1BF2A08300E3097D /* View */ = {
			isa = PBXGroup;
			children = (
				E47A6FCF1BF3FE8100136715 /* ButtonExtension.swift */,
				E428038C1BF1459B00174F37 /* Main.storyboard */,
				E4B8E9771BF552A800CC2C85 /* UsersFlowLayout.swift */,
				E4B8E9791BF5542D00CC2C85 /* UserCollectionViewCell.swift */,
			);
			name = View;
			sourceTree = "<group>";
		};
		E46FF99E1BF2A08700E3097D /* Controller */ = {
			isa = PBXGroup;
			children = (
				E4B8E9751BF5508100CC2C85 /* UserViewController.swift */,
				E4B8E97B1BF5580900CC2C85 /* UserDetailViewController.swift */,
				E47A6FCD1BF3EDE700136715 /* ProfileViewController.swift */,
				E47A6FCB1BF3E54700136715 /* HomeTableViewController.swift */,
				E4ED7C741BF297F30062CA1C /* LoginViewController.swift */,
				E46FF9941BF29F0100E3097D /* PostTableViewController.swift */,
				E428039D1BF1531B00174F37 /* MainViewController.swift */,
				E42803881BF1459B00174F37 /* AppDelegate.swift */,
			);
			name = Controller;
			sourceTree = "<group>";
		};
/* End PBXGroup section */

/* Begin PBXNativeTarget section */
		E42803841BF1459B00174F37 /* GithubClient */ = {
			isa = PBXNativeTarget;
			buildConfigurationList = E42803971BF1459B00174F37 /* Build configuration list for PBXNativeTarget "GithubClient" */;
			buildPhases = (
				E42803811BF1459B00174F37 /* Sources */,
				E42803821BF1459B00174F37 /* Frameworks */,
				E42803831BF1459B00174F37 /* Resources */,
			);
			buildRules = (
			);
			dependencies = (
			);
			name = GithubClient;
			productName = GithubClient;
			productReference = E42803851BF1459B00174F37 /* GithubClient.app */;
			productType = "com.apple.product-type.application";
		};
/* End PBXNativeTarget section */

/* Begin PBXProject section */
		E428037D1BF1459B00174F37 /* Project object */ = {
			isa = PBXProject;
			attributes = {
				LastSwiftUpdateCheck = 0710;
				LastUpgradeCheck = 0710;
				ORGANIZATIONNAME = "Theodore Abshire";
				TargetAttributes = {
					E42803841BF1459B00174F37 = {
						CreatedOnToolsVersion = 7.1;
					};
				};
			};
			buildConfigurationList = E42803801BF1459B00174F37 /* Build configuration list for PBXProject "GithubClient" */;
			compatibilityVersion = "Xcode 3.2";
			developmentRegion = English;
			hasScannedForEncodings = 0;
			knownRegions = (
				en,
				Base,
			);
			mainGroup = E428037C1BF1459B00174F37;
			productRefGroup = E42803861BF1459B00174F37 /* Products */;
			projectDirPath = "";
			projectRoot = "";
			targets = (
				E42803841BF1459B00174F37 /* GithubClient */,
			);
		};
/* End PBXProject section */

/* Begin PBXResourcesBuildPhase section */
		E42803831BF1459B00174F37 /* Resources */ = {
			isa = PBXResourcesBuildPhase;
			buildActionMask = 2147483647;
			files = (
				E4D9B85C1BF3D0D300C43229 /* snowflake3.png in Resources */,
				E4D9B85A1BF3D0D300C43229 /* snowflake1.png in Resources */,
				E42803931BF1459B00174F37 /* LaunchScreen.storyboard in Resources */,
				E42803901BF1459B00174F37 /* Assets.xcassets in Resources */,
				E4D9B85B1BF3D0D300C43229 /* snowflake2.png in Resources */,
				E428038E1BF1459B00174F37 /* Main.storyboard in Resources */,
			);
			runOnlyForDeploymentPostprocessing = 0;
		};
/* End PBXResourcesBuildPhase section */

/* Begin PBXSourcesBuildPhase section */
		E42803811BF1459B00174F37 /* Sources */ = {
			isa = PBXSourcesBuildPhase;
			buildActionMask = 2147483647;
			files = (
				E47A6FCC1BF3E54700136715 /* HomeTableViewController.swift in Sources */,
				E4B8E9761BF5508100CC2C85 /* UserViewController.swift in Sources */,
				E4B8E97C1BF5580900CC2C85 /* UserDetailViewController.swift in Sources */,
				E46FF9971BF2A04E00E3097D /* Repository.swift in Sources */,
				E428039E1BF1531B00174F37 /* MainViewController.swift in Sources */,
				E46FF9951BF29F0100E3097D /* PostTableViewController.swift in Sources */,
				E428039C1BF1466A00174F37 /* OAuthClient.swift in Sources */,
				E46FF9A31BF2B5B300E3097D /* KeychainService.swift in Sources */,
				E46FF99B1BF2A06300E3097D /* Owner.swift in Sources */,
				E4B8E9781BF552A800CC2C85 /* UsersFlowLayout.swift in Sources */,
				E47A6FD01BF3FE8100136715 /* ButtonExtension.swift in Sources */,
				E4B8E97A1BF5542D00CC2C85 /* UserCollectionViewCell.swift in Sources */,
				E46FF9991BF2A05600E3097D /* User.swift in Sources */,
				E42803A01BF160E700174F37 /* GithubService.swift in Sources */,
				E4ED7C751BF297F30062CA1C /* LoginViewController.swift in Sources */,
				E47A6FCE1BF3EDE700136715 /* ProfileViewController.swift in Sources */,
				E4B8E97E1BF55DF600CC2C85 /* StringExtension.swift in Sources */,
				E42803891BF1459B00174F37 /* AppDelegate.swift in Sources */,
				E46FF9A11BF2A0FC00E3097D /* GithubJSONParser.swift in Sources */,
			);
			runOnlyForDeploymentPostprocessing = 0;
		};
/* End PBXSourcesBuildPhase section */

/* Begin PBXVariantGroup section */
		E428038C1BF1459B00174F37 /* Main.storyboard */ = {
			isa = PBXVariantGroup;
			children = (
				E428038D1BF1459B00174F37 /* Base */,
			);
			name = Main.storyboard;
			sourceTree = "<group>";
		};
		E42803911BF1459B00174F37 /* LaunchScreen.storyboard */ = {
			isa = PBXVariantGroup;
			children = (
				E42803921BF1459B00174F37 /* Base */,
			);
			name = LaunchScreen.storyboard;
			sourceTree = "<group>";
		};
/* End PBXVariantGroup section */

/* Begin XCBuildConfiguration section */
		E42803951BF1459B00174F37 /* Debug */ = {
			isa = XCBuildConfiguration;
			buildSettings = {
				ALWAYS_SEARCH_USER_PATHS = NO;
				CLANG_CXX_LANGUAGE_STANDARD = "gnu++0x";
				CLANG_CXX_LIBRARY = "libc++";
				CLANG_ENABLE_MODULES = YES;
				CLANG_ENABLE_OBJC_ARC = YES;
				CLANG_WARN_BOOL_CONVERSION = YES;
				CLANG_WARN_CONSTANT_CONVERSION = YES;
				CLANG_WARN_DIRECT_OBJC_ISA_USAGE = YES_ERROR;
				CLANG_WARN_EMPTY_BODY = YES;
				CLANG_WARN_ENUM_CONVERSION = YES;
				CLANG_WARN_INT_CONVERSION = YES;
				CLANG_WARN_OBJC_ROOT_CLASS = YES_ERROR;
				CLANG_WARN_UNREACHABLE_CODE = YES;
				CLANG_WARN__DUPLICATE_METHOD_MATCH = YES;
				"CODE_SIGN_IDENTITY[sdk=iphoneos*]" = "iPhone Developer";
				COPY_PHASE_STRIP = NO;
				DEBUG_INFORMATION_FORMAT = dwarf;
				ENABLE_STRICT_OBJC_MSGSEND = YES;
				ENABLE_TESTABILITY = YES;
				GCC_C_LANGUAGE_STANDARD = gnu99;
				GCC_DYNAMIC_NO_PIC = NO;
				GCC_NO_COMMON_BLOCKS = YES;
				GCC_OPTIMIZATION_LEVEL = 0;
				GCC_PREPROCESSOR_DEFINITIONS = (
					"DEBUG=1",
					"$(inherited)",
				);
				GCC_WARN_64_TO_32_BIT_CONVERSION = YES;
				GCC_WARN_ABOUT_RETURN_TYPE = YES_ERROR;
				GCC_WARN_UNDECLARED_SELECTOR = YES;
				GCC_WARN_UNINITIALIZED_AUTOS = YES_AGGRESSIVE;
				GCC_WARN_UNUSED_FUNCTION = YES;
				GCC_WARN_UNUSED_VARIABLE = YES;
				IPHONEOS_DEPLOYMENT_TARGET = 9.1;
				MTL_ENABLE_DEBUG_INFO = YES;
				ONLY_ACTIVE_ARCH = YES;
				SDKROOT = iphoneos;
				SWIFT_OPTIMIZATION_LEVEL = "-Onone";
			};
			name = Debug;
		};
		E42803961BF1459B00174F37 /* Release */ = {
			isa = XCBuildConfiguration;
			buildSettings = {
				ALWAYS_SEARCH_USER_PATHS = NO;
				CLANG_CXX_LANGUAGE_STANDARD = "gnu++0x";
				CLANG_CXX_LIBRARY = "libc++";
				CLANG_ENABLE_MODULES = YES;
				CLANG_ENABLE_OBJC_ARC = YES;
				CLANG_WARN_BOOL_CONVERSION = YES;
				CLANG_WARN_CONSTANT_CONVERSION = YES;
				CLANG_WARN_DIRECT_OBJC_ISA_USAGE = YES_ERROR;
				CLANG_WARN_EMPTY_BODY = YES;
				CLANG_WARN_ENUM_CONVERSION = YES;
				CLANG_WARN_INT_CONVERSION = YES;
				CLANG_WARN_OBJC_ROOT_CLASS = YES_ERROR;
				CLANG_WARN_UNREACHABLE_CODE = YES;
				CLANG_WARN__DUPLICATE_METHOD_MATCH = YES;
				"CODE_SIGN_IDENTITY[sdk=iphoneos*]" = "iPhone Developer";
				COPY_PHASE_STRIP = NO;
				DEBUG_INFORMATION_FORMAT = "dwarf-with-dsym";
				ENABLE_NS_ASSERTIONS = NO;
				ENABLE_STRICT_OBJC_MSGSEND = YES;
				GCC_C_LANGUAGE_STANDARD = gnu99;
				GCC_NO_COMMON_BLOCKS = YES;
				GCC_WARN_64_TO_32_BIT_CONVERSION = YES;
				GCC_WARN_ABOUT_RETURN_TYPE = YES_ERROR;
				GCC_WARN_UNDECLARED_SELECTOR = YES;
				GCC_WARN_UNINITIALIZED_AUTOS = YES_AGGRESSIVE;
				GCC_WARN_UNUSED_FUNCTION = YES;
				GCC_WARN_UNUSED_VARIABLE = YES;
				IPHONEOS_DEPLOYMENT_TARGET = 9.1;
				MTL_ENABLE_DEBUG_INFO = NO;
				SDKROOT = iphoneos;
				VALIDATE_PRODUCT = YES;
			};
			name = Release;
		};
		E42803981BF1459B00174F37 /* Debug */ = {
			isa = XCBuildConfiguration;
			buildSettings = {
				ASSETCATALOG_COMPILER_APPICON_NAME = AppIcon;
				INFOPLIST_FILE = GithubClient/Info.plist;
				LD_RUNPATH_SEARCH_PATHS = "$(inherited) @executable_path/Frameworks";
				PRODUCT_BUNDLE_IDENTIFIER = THEODAB.GithubClient;
				PRODUCT_NAME = "$(TARGET_NAME)";
			};
			name = Debug;
		};
		E42803991BF1459B00174F37 /* Release */ = {
			isa = XCBuildConfiguration;
			buildSettings = {
				ASSETCATALOG_COMPILER_APPICON_NAME = AppIcon;
				INFOPLIST_FILE = GithubClient/Info.plist;
				LD_RUNPATH_SEARCH_PATHS = "$(inherited) @executable_path/Frameworks";
				PRODUCT_BUNDLE_IDENTIFIER = THEODAB.GithubClient;
				PRODUCT_NAME = "$(TARGET_NAME)";
			};
			name = Release;
		};
/* End XCBuildConfiguration section */

/* Begin XCConfigurationList section */
		E42803801BF1459B00174F37 /* Build configuration list for PBXProject "GithubClient" */ = {
			isa = XCConfigurationList;
			buildConfigurations = (
				E42803951BF1459B00174F37 /* Debug */,
				E42803961BF1459B00174F37 /* Release */,
			);
			defaultConfigurationIsVisible = 0;
			defaultConfigurationName = Release;
		};
		E42803971BF1459B00174F37 /* Build configuration list for PBXNativeTarget "GithubClient" */ = {
			isa = XCConfigurationList;
			buildConfigurations = (
				E42803981BF1459B00174F37 /* Debug */,
				E42803991BF1459B00174F37 /* Release */,
			);
			defaultConfigurationIsVisible = 0;
			defaultConfigurationName = Release;
		};
/* End XCConfigurationList section */
	};
	rootObject = E428037D1BF1459B00174F37 /* Project object */;
}
